
Microsoft Visual Studio Solution File, Format Version 12.00
# Visual Studio Version 16
VisualStudioVersion = 16.0.31424.327
MinimumVisualStudioVersion = 10.0.40219.1
Project("{9A19103F-16F7-4668-BE54-9A1E7A4F7556}") = "TaskTracker.Infrastructure", "TaskTracker.Infrastructure\TaskTracker.Infrastructure.csproj", "{EE68A418-CF32-4A37-9D1F-E7CE60DD5EE1}"
EndProject
Project("{9A19103F-16F7-4668-BE54-9A1E7A4F7556}") = "TaskTracker.Web", "TaskTracker.Web\TaskTracker.Web.csproj", "{B43678C2-8EA5-435F-96ED-A3C53421648D}"
EndProject
Project("{9A19103F-16F7-4668-BE54-9A1E7A4F7556}") = "TaskTracker.Domain", "TaskTracker.Domain\TaskTracker.Domain.csproj", "{01B1747C-AF77-4E18-8FDB-DAA776DB0788}"
EndProject
Project("{9A19103F-16F7-4668-BE54-9A1E7A4F7556}") = "TaskTracker.Application", "TaskTracker.Application\TaskTracker.Application.csproj", "{DDF3CB11-072F-425F-B9F9-E17701F102DE}"
EndProject
Global
	GlobalSection(SolutionConfigurationPlatforms) = preSolution
		Debug|Any CPU = Debug|Any CPU
		Release|Any CPU = Release|Any CPU
	EndGlobalSection
	GlobalSection(ProjectConfigurationPlatforms) = postSolution
		{EE68A418-CF32-4A37-9D1F-E7CE60DD5EE1}.Debug|Any CPU.ActiveCfg = Debug|Any CPU
		{EE68A418-CF32-4A37-9D1F-E7CE60DD5EE1}.Debug|Any CPU.Build.0 = Debug|Any CPU
		{EE68A418-CF32-4A37-9D1F-E7CE60DD5EE1}.Release|Any CPU.ActiveCfg = Release|Any CPU
		{EE68A418-CF32-4A37-9D1F-E7CE60DD5EE1}.Release|Any CPU.Build.0 = Release|Any CPU
		{B43678C2-8EA5-435F-96ED-A3C53421648D}.Debug|Any CPU.ActiveCfg = Debug|Any CPU
		{B43678C2-8EA5-435F-96ED-A3C53421648D}.Debug|Any CPU.Build.0 = Debug|Any CPU
		{B43678C2-8EA5-435F-96ED-A3C53421648D}.Release|Any CPU.ActiveCfg = Release|Any CPU
		{B43678C2-8EA5-435F-96ED-A3C53421648D}.Release|Any CPU.Build.0 = Release|Any CPU
		{01B1747C-AF77-4E18-8FDB-DAA776DB0788}.Debug|Any CPU.ActiveCfg = Debug|Any CPU
		{01B1747C-AF77-4E18-8FDB-DAA776DB0788}.Debug|Any CPU.Build.0 = Debug|Any CPU
		{01B1747C-AF77-4E18-8FDB-DAA776DB0788}.Release|Any CPU.ActiveCfg = Release|Any CPU
		{01B1747C-AF77-4E18-8FDB-DAA776DB0788}.Release|Any CPU.Build.0 = Release|Any CPU
		{DDF3CB11-072F-425F-B9F9-E17701F102DE}.Debug|Any CPU.ActiveCfg = Debug|Any CPU
		{DDF3CB11-072F-425F-B9F9-E17701F102DE}.Debug|Any CPU.Build.0 = Debug|Any CPU
		{DDF3CB11-072F-425F-B9F9-E17701F102DE}.Release|Any CPU.ActiveCfg = Release|Any CPU
		{DDF3CB11-072F-425F-B9F9-E17701F102DE}.Release|Any CPU.Build.0 = Release|Any CPU
	EndGlobalSection
	GlobalSection(SolutionProperties) = preSolution
		HideSolutionNode = FALSE
	EndGlobalSection
	GlobalSection(ExtensibilityGlobals) = postSolution
		SolutionGuid = {C9FDDE43-D5EA-4F49-8094-43E4A11C180F}
	EndGlobalSection
EndGlobal
